// !$*UTF8*$!
{
	archiveVersion = 1;
	classes = {
	};
	objectVersion = 55;
	objects = {

/* Begin PBXBuildFile section */
		12083C97281636700020E20E /* Toast.swift in Sources */ = {isa = PBXBuildFile; fileRef = 12083C96281636700020E20E /* Toast.swift */; };
		120BBCAE28025CE800AD44B5 /* UIColor+extensions.swift in Sources */ = {isa = PBXBuildFile; fileRef = 120BBCAD28025CE800AD44B5 /* UIColor+extensions.swift */; };
		120BBCB028025DA500AD44B5 /* Colors+Generated.swift in Sources */ = {isa = PBXBuildFile; fileRef = 120BBCAF28025DA500AD44B5 /* Colors+Generated.swift */; };
		120BBCB228025E3200AD44B5 /* Color+extensions.swift in Sources */ = {isa = PBXBuildFile; fileRef = 120BBCB128025E3200AD44B5 /* Color+extensions.swift */; };
		1214C0E3280E7A37002D2C4C /* LoginView.swift in Sources */ = {isa = PBXBuildFile; fileRef = 1214C0E2280E7A37002D2C4C /* LoginView.swift */; };
		1214C0E5280E7A42002D2C4C /* LoginCore.swift in Sources */ = {isa = PBXBuildFile; fileRef = 1214C0E4280E7A42002D2C4C /* LoginCore.swift */; };
		1214C0E8280E8A7E002D2C4C /* OnboardingImage.swift in Sources */ = {isa = PBXBuildFile; fileRef = 1214C0E7280E8A7E002D2C4C /* OnboardingImage.swift */; };
		1219757828163A4200089BED /* Pretendard-Regular.ttf in Resources */ = {isa = PBXBuildFile; fileRef = 1219757528163A4200089BED /* Pretendard-Regular.ttf */; };
		1219757928163A4200089BED /* Pretendard-Medium.ttf in Resources */ = {isa = PBXBuildFile; fileRef = 1219757628163A4200089BED /* Pretendard-Medium.ttf */; };
		1219757A28163A4200089BED /* Pretendard-SemiBold.ttf in Resources */ = {isa = PBXBuildFile; fileRef = 1219757728163A4200089BED /* Pretendard-SemiBold.ttf */; };
		122236F028024DF1009D5C66 /* R.generated.swift in Sources */ = {isa = PBXBuildFile; fileRef = 122236EF28024DF1009D5C66 /* R.generated.swift */; };
		12273EF027F91076007624C1 /* AppTrackingService.swift in Sources */ = {isa = PBXBuildFile; fileRef = 12273EEF27F91076007624C1 /* AppTrackingService.swift */; };
		1229909428026001009BF616 /* Assets.xcassets in Resources */ = {isa = PBXBuildFile; fileRef = 1229909328026001009BF616 /* Assets.xcassets */; };
		123DD564280283410020440E /* Theme.swift in Sources */ = {isa = PBXBuildFile; fileRef = 123DD563280283410020440E /* Theme.swift */; };
		123DD5662802889D0020440E /* Image+Generated.swift in Sources */ = {isa = PBXBuildFile; fileRef = 123DD5652802889D0020440E /* Image+Generated.swift */; };
		123DD56928028A130020440E /* UIImage+extensions.swift in Sources */ = {isa = PBXBuildFile; fileRef = 123DD56828028A130020440E /* UIImage+extensions.swift */; };
		123EE075280452BE00D34B93 /* ListItemWithTextIcon.swift in Sources */ = {isa = PBXBuildFile; fileRef = 123EE074280452BE00D34B93 /* ListItemWithTextIcon.swift */; };
		123EE077280452C900D34B93 /* ListItemWithText.swift in Sources */ = {isa = PBXBuildFile; fileRef = 123EE076280452C900D34B93 /* ListItemWithText.swift */; };
		123EE07A280452E600D34B93 /* Separator.swift in Sources */ = {isa = PBXBuildFile; fileRef = 123EE079280452E600D34B93 /* Separator.swift */; };
		123EE07C2804530000D34B93 /* View+extensions.swift in Sources */ = {isa = PBXBuildFile; fileRef = 123EE07B2804530000D34B93 /* View+extensions.swift */; };
		123EE0802804533C00D34B93 /* MSNavigationBar.swift in Sources */ = {isa = PBXBuildFile; fileRef = 123EE07F2804533C00D34B93 /* MSNavigationBar.swift */; };
		123EE0832804536800D34B93 /* BackButton.swift in Sources */ = {isa = PBXBuildFile; fileRef = 123EE0822804536800D34B93 /* BackButton.swift */; };
		123EE0852804537B00D34B93 /* RightButton.swift in Sources */ = {isa = PBXBuildFile; fileRef = 123EE0842804537B00D34B93 /* RightButton.swift */; };
		123EE088280453AB00D34B93 /* SettingView.swift in Sources */ = {isa = PBXBuildFile; fileRef = 123EE087280453AB00D34B93 /* SettingView.swift */; };
		123EE08A280453B300D34B93 /* SettingCore.swift in Sources */ = {isa = PBXBuildFile; fileRef = 123EE089280453B300D34B93 /* SettingCore.swift */; };
		123EE08D280453D200D34B93 /* ProfileView.swift in Sources */ = {isa = PBXBuildFile; fileRef = 123EE08C280453D200D34B93 /* ProfileView.swift */; };
		123EE08F280453D900D34B93 /* ProfileCore.swift in Sources */ = {isa = PBXBuildFile; fileRef = 123EE08E280453D900D34B93 /* ProfileCore.swift */; };
		123EE091280453E300D34B93 /* AppInfoView.swift in Sources */ = {isa = PBXBuildFile; fileRef = 123EE090280453E300D34B93 /* AppInfoView.swift */; };
		123EE093280453EA00D34B93 /* AppInfoCore.swift in Sources */ = {isa = PBXBuildFile; fileRef = 123EE092280453EA00D34B93 /* AppInfoCore.swift */; };
		123EE09728045B3600D34B93 /* ListButtonItemWithText.swift in Sources */ = {isa = PBXBuildFile; fileRef = 123EE09628045B3600D34B93 /* ListButtonItemWithText.swift */; };
		123EE09928045F0C00D34B93 /* TermsView.swift in Sources */ = {isa = PBXBuildFile; fileRef = 123EE09828045F0C00D34B93 /* TermsView.swift */; };
		123EE09B28045F1500D34B93 /* TermsCore.swift in Sources */ = {isa = PBXBuildFile; fileRef = 123EE09A28045F1500D34B93 /* TermsCore.swift */; };
		123EE09E28045F4400D34B93 /* PersonalInfoPolicyView.swift in Sources */ = {isa = PBXBuildFile; fileRef = 123EE09D28045F4400D34B93 /* PersonalInfoPolicyView.swift */; };
		123EE0A028045F5700D34B93 /* PersonalInfoPolicyCore.swift in Sources */ = {isa = PBXBuildFile; fileRef = 123EE09F28045F5700D34B93 /* PersonalInfoPolicyCore.swift */; };
		123EE0A328045F7A00D34B93 /* OpenSourceView.swift in Sources */ = {isa = PBXBuildFile; fileRef = 123EE0A228045F7A00D34B93 /* OpenSourceView.swift */; };
		123EE0A528045F8300D34B93 /* OpenSourceCore.swift in Sources */ = {isa = PBXBuildFile; fileRef = 123EE0A428045F8300D34B93 /* OpenSourceCore.swift */; };
		125F84AC280D122500279C42 /* AlertSingleButtonCore.swift in Sources */ = {isa = PBXBuildFile; fileRef = 125F84AB280D122500279C42 /* AlertSingleButtonCore.swift */; };
		125F84AE280D123D00279C42 /* AlertDoubleButtonView.swift in Sources */ = {isa = PBXBuildFile; fileRef = 125F84AD280D123D00279C42 /* AlertDoubleButtonView.swift */; };
		125F84B0280D124700279C42 /* AlertSingleButtonView.swift in Sources */ = {isa = PBXBuildFile; fileRef = 125F84AF280D124700279C42 /* AlertSingleButtonView.swift */; };
		125F84B2280D124F00279C42 /* AlertDoubleButtonCore.swift in Sources */ = {isa = PBXBuildFile; fileRef = 125F84B1280D124F00279C42 /* AlertDoubleButtonCore.swift */; };
		125F84B7280D14AB00279C42 /* AlertButton.swift in Sources */ = {isa = PBXBuildFile; fileRef = 125F84B6280D14AB00279C42 /* AlertButton.swift */; };
		125F84B9280D151800279C42 /* LoadingIndicator.swift in Sources */ = {isa = PBXBuildFile; fileRef = 125F84B8280D151800279C42 /* LoadingIndicator.swift */; };
		126EF42D27F2AC2400102FA9 /* Assets.xcassets in Resources */ = {isa = PBXBuildFile; fileRef = 126EF42C27F2AC2400102FA9 /* Assets.xcassets */; };
		126EF43027F2AC2400102FA9 /* Preview Assets.xcassets in Resources */ = {isa = PBXBuildFile; fileRef = 126EF42F27F2AC2400102FA9 /* Preview Assets.xcassets */; };
		127EBD78280A65960011C556 /* UINavigationController+extensions.swift in Sources */ = {isa = PBXBuildFile; fileRef = 127EBD77280A65960011C556 /* UINavigationController+extensions.swift */; };
		1291296527F812D80017E087 /* Effect+extensions.swift in Sources */ = {isa = PBXBuildFile; fileRef = 1291296427F812D80017E087 /* Effect+extensions.swift */; };
		1291296727F812FE0017E087 /* Reducer+extensions.swift in Sources */ = {isa = PBXBuildFile; fileRef = 1291296627F812FE0017E087 /* Reducer+extensions.swift */; };
		1291296A27F813660017E087 /* Combine+extensions.swift in Sources */ = {isa = PBXBuildFile; fileRef = 1291296927F813660017E087 /* Combine+extensions.swift */; };
		1291296D27F814CD0017E087 /* ForEachWithIndex.swift in Sources */ = {isa = PBXBuildFile; fileRef = 1291296C27F814CD0017E087 /* ForEachWithIndex.swift */; };
		1291296F27F815460017E087 /* SharedState.swift in Sources */ = {isa = PBXBuildFile; fileRef = 1291296E27F815460017E087 /* SharedState.swift */; };
		12952A61280250A300C89DD7 /* Font+extensions.swift in Sources */ = {isa = PBXBuildFile; fileRef = 12952A60280250A300C89DD7 /* Font+extensions.swift */; };
		12952A63280250D700C89DD7 /* UIFont+extensions.swift in Sources */ = {isa = PBXBuildFile; fileRef = 12952A62280250D700C89DD7 /* UIFont+extensions.swift */; };
		12952A65280251D600C89DD7 /* Fonts+Generated.swift in Sources */ = {isa = PBXBuildFile; fileRef = 12952A64280251D600C89DD7 /* Fonts+Generated.swift */; };
		12A2244B27F7DFED00617C10 /* AppDelegate.swift in Sources */ = {isa = PBXBuildFile; fileRef = 12A2244A27F7DFED00617C10 /* AppDelegate.swift */; };
		12A2244D27F7E04A00617C10 /* SceneDelegate.swift in Sources */ = {isa = PBXBuildFile; fileRef = 12A2244C27F7E04A00617C10 /* SceneDelegate.swift */; };
		12A2245027F7E0F000617C10 /* AppView.swift in Sources */ = {isa = PBXBuildFile; fileRef = 12A2244F27F7E0F000617C10 /* AppView.swift */; };
		12A2245227F7E0F900617C10 /* AppCore.swift in Sources */ = {isa = PBXBuildFile; fileRef = 12A2245127F7E0F900617C10 /* AppCore.swift */; };
		12A2245627F7E76F00617C10 /* HomeView.swift in Sources */ = {isa = PBXBuildFile; fileRef = 12A2245527F7E76F00617C10 /* HomeView.swift */; };
		12A2245827F7E77700617C10 /* HomeCore.swift in Sources */ = {isa = PBXBuildFile; fileRef = 12A2245727F7E77700617C10 /* HomeCore.swift */; };
		12D775DB28024B8C00CD0CFD /* Rswift in Frameworks */ = {isa = PBXBuildFile; productRef = 12D775DA28024B8C00CD0CFD /* Rswift */; };
		12F1DBD827F4119A0063A84D /* ComposableArchitecture in Frameworks */ = {isa = PBXBuildFile; productRef = 12F1DBD727F4119A0063A84D /* ComposableArchitecture */; };
		12F1DBDB27F411A80063A84D /* Alamofire in Frameworks */ = {isa = PBXBuildFile; productRef = 12F1DBDA27F411A80063A84D /* Alamofire */; };
		12F1DBDE27F411C00063A84D /* CombineExt in Frameworks */ = {isa = PBXBuildFile; productRef = 12F1DBDD27F411C00063A84D /* CombineExt */; };
		12F1DBE127F411CC0063A84D /* PureSwiftUI in Frameworks */ = {isa = PBXBuildFile; productRef = 12F1DBE027F411CC0063A84D /* PureSwiftUI */; };
		12F1DBE427F411DE0063A84D /* Nuke in Frameworks */ = {isa = PBXBuildFile; productRef = 12F1DBE327F411DE0063A84D /* Nuke */; };
		773AE2A6280723DC006861FC /* MainTabView.swift in Sources */ = {isa = PBXBuildFile; fileRef = 773AE2A5280723DC006861FC /* MainTabView.swift */; };
		773AE2A8280723E6006861FC /* MainTabCore.swift in Sources */ = {isa = PBXBuildFile; fileRef = 773AE2A7280723E6006861FC /* MainTabCore.swift */; };
		773AE2AA280723F7006861FC /* RecordView.swift in Sources */ = {isa = PBXBuildFile; fileRef = 773AE2A9280723F7006861FC /* RecordView.swift */; };
		773AE2AC280723FF006861FC /* RecordCore.swift in Sources */ = {isa = PBXBuildFile; fileRef = 773AE2AB280723FF006861FC /* RecordCore.swift */; };
		773AE2AE28072419006861FC /* StorageView.swift in Sources */ = {isa = PBXBuildFile; fileRef = 773AE2AD28072419006861FC /* StorageView.swift */; };
		773AE2B028072421006861FC /* StorageCore.swift in Sources */ = {isa = PBXBuildFile; fileRef = 773AE2AF28072421006861FC /* StorageCore.swift */; };
		F03FF6CB28099B7900E83570 /* KakaoLoginService.swift in Sources */ = {isa = PBXBuildFile; fileRef = F03FF6CA28099B7900E83570 /* KakaoLoginService.swift */; };
		F0E7345D280A9C260052A7E2 /* KakaoSDKAuth in Frameworks */ = {isa = PBXBuildFile; productRef = F0E7345C280A9C260052A7E2 /* KakaoSDKAuth */; };
		F0E7345F280A9C260052A7E2 /* KakaoSDKCommon in Frameworks */ = {isa = PBXBuildFile; productRef = F0E7345E280A9C260052A7E2 /* KakaoSDKCommon */; };
		F0E73461280A9C260052A7E2 /* KakaoSDKUser in Frameworks */ = {isa = PBXBuildFile; productRef = F0E73460280A9C260052A7E2 /* KakaoSDKUser */; };
/* End PBXBuildFile section */

/* Begin PBXFileReference section */
		12083C96281636700020E20E /* Toast.swift */ = {isa = PBXFileReference; lastKnownFileType = sourcecode.swift; path = Toast.swift; sourceTree = "<group>"; };
		120BBCAD28025CE800AD44B5 /* UIColor+extensions.swift */ = {isa = PBXFileReference; lastKnownFileType = sourcecode.swift; path = "UIColor+extensions.swift"; sourceTree = "<group>"; };
		120BBCAF28025DA500AD44B5 /* Colors+Generated.swift */ = {isa = PBXFileReference; lastKnownFileType = sourcecode.swift; path = "Colors+Generated.swift"; sourceTree = "<group>"; };
		120BBCB128025E3200AD44B5 /* Color+extensions.swift */ = {isa = PBXFileReference; lastKnownFileType = sourcecode.swift; path = "Color+extensions.swift"; sourceTree = "<group>"; };
		1214C0E2280E7A37002D2C4C /* LoginView.swift */ = {isa = PBXFileReference; lastKnownFileType = sourcecode.swift; path = LoginView.swift; sourceTree = "<group>"; };
		1214C0E4280E7A42002D2C4C /* LoginCore.swift */ = {isa = PBXFileReference; lastKnownFileType = sourcecode.swift; path = LoginCore.swift; sourceTree = "<group>"; };
		1214C0E7280E8A7E002D2C4C /* OnboardingImage.swift */ = {isa = PBXFileReference; lastKnownFileType = sourcecode.swift; path = OnboardingImage.swift; sourceTree = "<group>"; };
		1219757528163A4200089BED /* Pretendard-Regular.ttf */ = {isa = PBXFileReference; lastKnownFileType = file; path = "Pretendard-Regular.ttf"; sourceTree = "<group>"; };
		1219757628163A4200089BED /* Pretendard-Medium.ttf */ = {isa = PBXFileReference; lastKnownFileType = file; path = "Pretendard-Medium.ttf"; sourceTree = "<group>"; };
		1219757728163A4200089BED /* Pretendard-SemiBold.ttf */ = {isa = PBXFileReference; lastKnownFileType = file; path = "Pretendard-SemiBold.ttf"; sourceTree = "<group>"; };
		122236EF28024DF1009D5C66 /* R.generated.swift */ = {isa = PBXFileReference; fileEncoding = 4; lastKnownFileType = sourcecode.swift; name = R.generated.swift; path = generated/R.generated.swift; sourceTree = SOURCE_ROOT; };
		12273EEF27F91076007624C1 /* AppTrackingService.swift */ = {isa = PBXFileReference; lastKnownFileType = sourcecode.swift; path = AppTrackingService.swift; sourceTree = "<group>"; };
		1229909328026001009BF616 /* Assets.xcassets */ = {isa = PBXFileReference; lastKnownFileType = folder.assetcatalog; path = Assets.xcassets; sourceTree = "<group>"; };
		123DD563280283410020440E /* Theme.swift */ = {isa = PBXFileReference; lastKnownFileType = sourcecode.swift; path = Theme.swift; sourceTree = "<group>"; };
		123DD5652802889D0020440E /* Image+Generated.swift */ = {isa = PBXFileReference; lastKnownFileType = sourcecode.swift; path = "Image+Generated.swift"; sourceTree = "<group>"; };
		123DD56828028A130020440E /* UIImage+extensions.swift */ = {isa = PBXFileReference; lastKnownFileType = sourcecode.swift; path = "UIImage+extensions.swift"; sourceTree = "<group>"; };
		123EE074280452BE00D34B93 /* ListItemWithTextIcon.swift */ = {isa = PBXFileReference; lastKnownFileType = sourcecode.swift; path = ListItemWithTextIcon.swift; sourceTree = "<group>"; };
		123EE076280452C900D34B93 /* ListItemWithText.swift */ = {isa = PBXFileReference; lastKnownFileType = sourcecode.swift; path = ListItemWithText.swift; sourceTree = "<group>"; };
		123EE079280452E600D34B93 /* Separator.swift */ = {isa = PBXFileReference; lastKnownFileType = sourcecode.swift; path = Separator.swift; sourceTree = "<group>"; };
		123EE07B2804530000D34B93 /* View+extensions.swift */ = {isa = PBXFileReference; lastKnownFileType = sourcecode.swift; path = "View+extensions.swift"; sourceTree = "<group>"; };
		123EE07F2804533C00D34B93 /* MSNavigationBar.swift */ = {isa = PBXFileReference; lastKnownFileType = sourcecode.swift; path = MSNavigationBar.swift; sourceTree = "<group>"; };
		123EE0822804536800D34B93 /* BackButton.swift */ = {isa = PBXFileReference; lastKnownFileType = sourcecode.swift; path = BackButton.swift; sourceTree = "<group>"; };
		123EE0842804537B00D34B93 /* RightButton.swift */ = {isa = PBXFileReference; lastKnownFileType = sourcecode.swift; path = RightButton.swift; sourceTree = "<group>"; };
		123EE087280453AB00D34B93 /* SettingView.swift */ = {isa = PBXFileReference; lastKnownFileType = sourcecode.swift; path = SettingView.swift; sourceTree = "<group>"; };
		123EE089280453B300D34B93 /* SettingCore.swift */ = {isa = PBXFileReference; lastKnownFileType = sourcecode.swift; path = SettingCore.swift; sourceTree = "<group>"; };
		123EE08C280453D200D34B93 /* ProfileView.swift */ = {isa = PBXFileReference; lastKnownFileType = sourcecode.swift; path = ProfileView.swift; sourceTree = "<group>"; };
		123EE08E280453D900D34B93 /* ProfileCore.swift */ = {isa = PBXFileReference; lastKnownFileType = sourcecode.swift; path = ProfileCore.swift; sourceTree = "<group>"; };
		123EE090280453E300D34B93 /* AppInfoView.swift */ = {isa = PBXFileReference; lastKnownFileType = sourcecode.swift; path = AppInfoView.swift; sourceTree = "<group>"; };
		123EE092280453EA00D34B93 /* AppInfoCore.swift */ = {isa = PBXFileReference; lastKnownFileType = sourcecode.swift; path = AppInfoCore.swift; sourceTree = "<group>"; };
		123EE09628045B3600D34B93 /* ListButtonItemWithText.swift */ = {isa = PBXFileReference; lastKnownFileType = sourcecode.swift; path = ListButtonItemWithText.swift; sourceTree = "<group>"; };
		123EE09828045F0C00D34B93 /* TermsView.swift */ = {isa = PBXFileReference; lastKnownFileType = sourcecode.swift; path = TermsView.swift; sourceTree = "<group>"; };
		123EE09A28045F1500D34B93 /* TermsCore.swift */ = {isa = PBXFileReference; lastKnownFileType = sourcecode.swift; path = TermsCore.swift; sourceTree = "<group>"; };
		123EE09D28045F4400D34B93 /* PersonalInfoPolicyView.swift */ = {isa = PBXFileReference; lastKnownFileType = sourcecode.swift; path = PersonalInfoPolicyView.swift; sourceTree = "<group>"; };
		123EE09F28045F5700D34B93 /* PersonalInfoPolicyCore.swift */ = {isa = PBXFileReference; lastKnownFileType = sourcecode.swift; path = PersonalInfoPolicyCore.swift; sourceTree = "<group>"; };
		123EE0A228045F7A00D34B93 /* OpenSourceView.swift */ = {isa = PBXFileReference; lastKnownFileType = sourcecode.swift; path = OpenSourceView.swift; sourceTree = "<group>"; };
		123EE0A428045F8300D34B93 /* OpenSourceCore.swift */ = {isa = PBXFileReference; lastKnownFileType = sourcecode.swift; path = OpenSourceCore.swift; sourceTree = "<group>"; };
		125F84AB280D122500279C42 /* AlertSingleButtonCore.swift */ = {isa = PBXFileReference; lastKnownFileType = sourcecode.swift; path = AlertSingleButtonCore.swift; sourceTree = "<group>"; };
		125F84AD280D123D00279C42 /* AlertDoubleButtonView.swift */ = {isa = PBXFileReference; lastKnownFileType = sourcecode.swift; path = AlertDoubleButtonView.swift; sourceTree = "<group>"; };
		125F84AF280D124700279C42 /* AlertSingleButtonView.swift */ = {isa = PBXFileReference; lastKnownFileType = sourcecode.swift; path = AlertSingleButtonView.swift; sourceTree = "<group>"; };
		125F84B1280D124F00279C42 /* AlertDoubleButtonCore.swift */ = {isa = PBXFileReference; lastKnownFileType = sourcecode.swift; path = AlertDoubleButtonCore.swift; sourceTree = "<group>"; };
		125F84B6280D14AB00279C42 /* AlertButton.swift */ = {isa = PBXFileReference; lastKnownFileType = sourcecode.swift; path = AlertButton.swift; sourceTree = "<group>"; };
		125F84B8280D151800279C42 /* LoadingIndicator.swift */ = {isa = PBXFileReference; lastKnownFileType = sourcecode.swift; path = LoadingIndicator.swift; sourceTree = "<group>"; };
		126EF42527F2AC2400102FA9 /* Mongsil.app */ = {isa = PBXFileReference; explicitFileType = wrapper.application; includeInIndex = 0; path = Mongsil.app; sourceTree = BUILT_PRODUCTS_DIR; };
		126EF42C27F2AC2400102FA9 /* Assets.xcassets */ = {isa = PBXFileReference; lastKnownFileType = folder.assetcatalog; path = Assets.xcassets; sourceTree = "<group>"; };
		126EF42F27F2AC2400102FA9 /* Preview Assets.xcassets */ = {isa = PBXFileReference; lastKnownFileType = folder.assetcatalog; path = "Preview Assets.xcassets"; sourceTree = "<group>"; };
		127EBD77280A65960011C556 /* UINavigationController+extensions.swift */ = {isa = PBXFileReference; lastKnownFileType = sourcecode.swift; path = "UINavigationController+extensions.swift"; sourceTree = "<group>"; };
		1291296427F812D80017E087 /* Effect+extensions.swift */ = {isa = PBXFileReference; lastKnownFileType = sourcecode.swift; path = "Effect+extensions.swift"; sourceTree = "<group>"; };
		1291296627F812FE0017E087 /* Reducer+extensions.swift */ = {isa = PBXFileReference; lastKnownFileType = sourcecode.swift; path = "Reducer+extensions.swift"; sourceTree = "<group>"; };
		1291296927F813660017E087 /* Combine+extensions.swift */ = {isa = PBXFileReference; lastKnownFileType = sourcecode.swift; path = "Combine+extensions.swift"; sourceTree = "<group>"; };
		1291296C27F814CD0017E087 /* ForEachWithIndex.swift */ = {isa = PBXFileReference; lastKnownFileType = sourcecode.swift; path = ForEachWithIndex.swift; sourceTree = "<group>"; };
		1291296E27F815460017E087 /* SharedState.swift */ = {isa = PBXFileReference; lastKnownFileType = sourcecode.swift; path = SharedState.swift; sourceTree = "<group>"; };
		12952A60280250A300C89DD7 /* Font+extensions.swift */ = {isa = PBXFileReference; lastKnownFileType = sourcecode.swift; path = "Font+extensions.swift"; sourceTree = "<group>"; };
		12952A62280250D700C89DD7 /* UIFont+extensions.swift */ = {isa = PBXFileReference; lastKnownFileType = sourcecode.swift; path = "UIFont+extensions.swift"; sourceTree = "<group>"; };
		12952A64280251D600C89DD7 /* Fonts+Generated.swift */ = {isa = PBXFileReference; lastKnownFileType = sourcecode.swift; path = "Fonts+Generated.swift"; sourceTree = "<group>"; };
		12A2244A27F7DFED00617C10 /* AppDelegate.swift */ = {isa = PBXFileReference; lastKnownFileType = sourcecode.swift; path = AppDelegate.swift; sourceTree = "<group>"; };
		12A2244C27F7E04A00617C10 /* SceneDelegate.swift */ = {isa = PBXFileReference; lastKnownFileType = sourcecode.swift; path = SceneDelegate.swift; sourceTree = "<group>"; };
		12A2244F27F7E0F000617C10 /* AppView.swift */ = {isa = PBXFileReference; lastKnownFileType = sourcecode.swift; path = AppView.swift; sourceTree = "<group>"; };
		12A2245127F7E0F900617C10 /* AppCore.swift */ = {isa = PBXFileReference; lastKnownFileType = sourcecode.swift; path = AppCore.swift; sourceTree = "<group>"; };
		12A2245327F7E5D300617C10 /* Info.plist */ = {isa = PBXFileReference; lastKnownFileType = text.plist; path = Info.plist; sourceTree = "<group>"; };
		12A2245527F7E76F00617C10 /* HomeView.swift */ = {isa = PBXFileReference; lastKnownFileType = sourcecode.swift; path = HomeView.swift; sourceTree = "<group>"; };
		12A2245727F7E77700617C10 /* HomeCore.swift */ = {isa = PBXFileReference; lastKnownFileType = sourcecode.swift; path = HomeCore.swift; sourceTree = "<group>"; };
		773AE2A5280723DC006861FC /* MainTabView.swift */ = {isa = PBXFileReference; lastKnownFileType = sourcecode.swift; path = MainTabView.swift; sourceTree = "<group>"; };
		773AE2A7280723E6006861FC /* MainTabCore.swift */ = {isa = PBXFileReference; lastKnownFileType = sourcecode.swift; path = MainTabCore.swift; sourceTree = "<group>"; };
		773AE2A9280723F7006861FC /* RecordView.swift */ = {isa = PBXFileReference; lastKnownFileType = sourcecode.swift; path = RecordView.swift; sourceTree = "<group>"; };
		773AE2AB280723FF006861FC /* RecordCore.swift */ = {isa = PBXFileReference; lastKnownFileType = sourcecode.swift; path = RecordCore.swift; sourceTree = "<group>"; };
		773AE2AD28072419006861FC /* StorageView.swift */ = {isa = PBXFileReference; lastKnownFileType = sourcecode.swift; path = StorageView.swift; sourceTree = "<group>"; };
		773AE2AF28072421006861FC /* StorageCore.swift */ = {isa = PBXFileReference; lastKnownFileType = sourcecode.swift; path = StorageCore.swift; sourceTree = "<group>"; };
		F03FF6CA28099B7900E83570 /* KakaoLoginService.swift */ = {isa = PBXFileReference; fileEncoding = 4; lastKnownFileType = sourcecode.swift; path = KakaoLoginService.swift; sourceTree = "<group>"; };
		F03FF6D328099F0E00E83570 /* Mongsil.entitlements */ = {isa = PBXFileReference; lastKnownFileType = text.plist.entitlements; path = Mongsil.entitlements; sourceTree = "<group>"; };
/* End PBXFileReference section */

/* Begin PBXFrameworksBuildPhase section */
		126EF42227F2AC2400102FA9 /* Frameworks */ = {
			isa = PBXFrameworksBuildPhase;
			buildActionMask = 2147483647;
			files = (
				F0E7345F280A9C260052A7E2 /* KakaoSDKCommon in Frameworks */,
				F0E7345D280A9C260052A7E2 /* KakaoSDKAuth in Frameworks */,
				12F1DBD827F4119A0063A84D /* ComposableArchitecture in Frameworks */,
				12F1DBDE27F411C00063A84D /* CombineExt in Frameworks */,
				12F1DBE127F411CC0063A84D /* PureSwiftUI in Frameworks */,
				12D775DB28024B8C00CD0CFD /* Rswift in Frameworks */,
				12F1DBDB27F411A80063A84D /* Alamofire in Frameworks */,
				12F1DBE427F411DE0063A84D /* Nuke in Frameworks */,
				F0E73461280A9C260052A7E2 /* KakaoSDKUser in Frameworks */,
			);
			runOnlyForDeploymentPostprocessing = 0;
		};
/* End PBXFrameworksBuildPhase section */

/* Begin PBXGroup section */
		120BBCAB2802565900AD44B5 /* Pretendard */ = {
			isa = PBXGroup;
			children = (
				1219757628163A4200089BED /* Pretendard-Medium.ttf */,
				1219757528163A4200089BED /* Pretendard-Regular.ttf */,
				1219757728163A4200089BED /* Pretendard-SemiBold.ttf */,
			);
			path = Pretendard;
			sourceTree = "<group>";
		};
    12083C982816367C0020E20E /* Toast */ = {
      isa = PBXGroup;
      children = (
        12083C96281636700020E20E /* Toast.swift */,
      );
      path = Toast;
      sourceTree = "<group>";
    };
		120BBCAC28025CCF00AD44B5 /* Colors */ = {
			isa = PBXGroup;
			children = (
				120BBCAF28025DA500AD44B5 /* Colors+Generated.swift */,
				120BBCB128025E3200AD44B5 /* Color+extensions.swift */,
				120BBCAD28025CE800AD44B5 /* UIColor+extensions.swift */,
				123DD563280283410020440E /* Theme.swift */,
			);
			path = Colors;
			sourceTree = "<group>";
		};
		1214C0E6280E7A45002D2C4C /* Login */ = {
			isa = PBXGroup;
			children = (
				1214C0E2280E7A37002D2C4C /* LoginView.swift */,
				1214C0E4280E7A42002D2C4C /* LoginCore.swift */,
				1214C0E7280E8A7E002D2C4C /* OnboardingImage.swift */,
			);
			path = Login;
			sourceTree = "<group>";
		};
		122236EE28024DD8009D5C66 /* Assets */ = {
			isa = PBXGroup;
			children = (
				122236EF28024DF1009D5C66 /* R.generated.swift */,
				122236F928024EB0009D5C66 /* Fonts */,
				120BBCAC28025CCF00AD44B5 /* Colors */,
				123DD567280288A10020440E /* Images */,
				1229909328026001009BF616 /* Assets.xcassets */,
			);
			path = Assets;
			sourceTree = "<group>";
		};
		122236F928024EB0009D5C66 /* Fonts */ = {
			isa = PBXGroup;
			children = (
				12952A64280251D600C89DD7 /* Fonts+Generated.swift */,
				12952A60280250A300C89DD7 /* Font+extensions.swift */,
				12952A62280250D700C89DD7 /* UIFont+extensions.swift */,
				120BBCAB2802565900AD44B5 /* Pretendard */,
			);
			path = Fonts;
			sourceTree = "<group>";
		};
		123DD567280288A10020440E /* Images */ = {
			isa = PBXGroup;
			children = (
				123DD5652802889D0020440E /* Image+Generated.swift */,
				123DD56828028A130020440E /* UIImage+extensions.swift */,
			);
			path = Images;
			sourceTree = "<group>";
		};
		123EE0732804529800D34B93 /* Models */ = {
			isa = PBXGroup;
			children = (
			);
			path = Models;
			sourceTree = "<group>";
		};
		123EE078280452CE00D34B93 /* List */ = {
			isa = PBXGroup;
			children = (
				123EE076280452C900D34B93 /* ListItemWithText.swift */,
				123EE074280452BE00D34B93 /* ListItemWithTextIcon.swift */,
				123EE09628045B3600D34B93 /* ListButtonItemWithText.swift */,
				123EE079280452E600D34B93 /* Separator.swift */,
			);
			path = List;
			sourceTree = "<group>";
		};
		123EE07D2804530500D34B93 /* View */ = {
			isa = PBXGroup;
			children = (
				123EE07B2804530000D34B93 /* View+extensions.swift */,
				127EBD77280A65960011C556 /* UINavigationController+extensions.swift */,
			);
			path = View;
			sourceTree = "<group>";
		};
		123EE07E2804531000D34B93 /* Combine */ = {
			isa = PBXGroup;
			children = (
				1291296927F813660017E087 /* Combine+extensions.swift */,
			);
			path = Combine;
			sourceTree = "<group>";
		};
		123EE0812804534700D34B93 /* NavigationBar */ = {
			isa = PBXGroup;
			children = (
				123EE07F2804533C00D34B93 /* MSNavigationBar.swift */,
			);
			path = NavigationBar;
			sourceTree = "<group>";
		};
		123EE0862804538300D34B93 /* Buttons */ = {
			isa = PBXGroup;
			children = (
				123EE0822804536800D34B93 /* BackButton.swift */,
				123EE0842804537B00D34B93 /* RightButton.swift */,
				125F84B6280D14AB00279C42 /* AlertButton.swift */,
			);
			path = Buttons;
			sourceTree = "<group>";
		};
		123EE08B280453B500D34B93 /* Setting */ = {
			isa = PBXGroup;
			children = (
				123EE087280453AB00D34B93 /* SettingView.swift */,
				123EE089280453B300D34B93 /* SettingCore.swift */,
				123EE094280453EC00D34B93 /* Profile */,
				123EE095280453F200D34B93 /* AppInfo */,
			);
			path = Setting;
			sourceTree = "<group>";
		};
		123EE094280453EC00D34B93 /* Profile */ = {
			isa = PBXGroup;
			children = (
				123EE08C280453D200D34B93 /* ProfileView.swift */,
				123EE08E280453D900D34B93 /* ProfileCore.swift */,
			);
			path = Profile;
			sourceTree = "<group>";
		};
		123EE095280453F200D34B93 /* AppInfo */ = {
			isa = PBXGroup;
			children = (
				123EE090280453E300D34B93 /* AppInfoView.swift */,
				123EE092280453EA00D34B93 /* AppInfoCore.swift */,
				123EE09C28045F1700D34B93 /* Terms */,
				123EE0A128045F5A00D34B93 /* PersonalInfoPolicy */,
				123EE0A628045F8500D34B93 /* OpenSource */,
			);
			path = AppInfo;
			sourceTree = "<group>";
		};
		123EE09C28045F1700D34B93 /* Terms */ = {
			isa = PBXGroup;
			children = (
				123EE09828045F0C00D34B93 /* TermsView.swift */,
				123EE09A28045F1500D34B93 /* TermsCore.swift */,
			);
			path = Terms;
			sourceTree = "<group>";
		};
		123EE0A128045F5A00D34B93 /* PersonalInfoPolicy */ = {
			isa = PBXGroup;
			children = (
				123EE09D28045F4400D34B93 /* PersonalInfoPolicyView.swift */,
				123EE09F28045F5700D34B93 /* PersonalInfoPolicyCore.swift */,
			);
			path = PersonalInfoPolicy;
			sourceTree = "<group>";
		};
		123EE0A628045F8500D34B93 /* OpenSource */ = {
			isa = PBXGroup;
			children = (
				123EE0A228045F7A00D34B93 /* OpenSourceView.swift */,
				123EE0A428045F8300D34B93 /* OpenSourceCore.swift */,
			);
			path = OpenSource;
			sourceTree = "<group>";
		};
		12457C0727F822D300F2DBF2 /* Services */ = {
			isa = PBXGroup;
			children = (
				F03FF6CA28099B7900E83570 /* KakaoLoginService.swift */,
				12273EEF27F91076007624C1 /* AppTrackingService.swift */,
			);
			path = Services;
			sourceTree = "<group>";
		};
		125F84A8280D11D800279C42 /* AlertModal */ = {
			isa = PBXGroup;
			children = (
				125F84B4280D125C00279C42 /* AlertSingleButton */,
				125F84B3280D125100279C42 /* AlertDoubleButton */,
			);
			path = AlertModal;
			sourceTree = "<group>";
		};
		125F84B3280D125100279C42 /* AlertDoubleButton */ = {
			isa = PBXGroup;
			children = (
				125F84AD280D123D00279C42 /* AlertDoubleButtonView.swift */,
				125F84B1280D124F00279C42 /* AlertDoubleButtonCore.swift */,
			);
			path = AlertDoubleButton;
			sourceTree = "<group>";
		};
		125F84B4280D125C00279C42 /* AlertSingleButton */ = {
			isa = PBXGroup;
			children = (
				125F84AF280D124700279C42 /* AlertSingleButtonView.swift */,
				125F84AB280D122500279C42 /* AlertSingleButtonCore.swift */,
			);
			path = AlertSingleButton;
			sourceTree = "<group>";
		};
		125F84BA280D152600279C42 /* Indicators */ = {
			isa = PBXGroup;
			children = (
				125F84B8280D151800279C42 /* LoadingIndicator.swift */,
			);
			path = Indicators;
			sourceTree = "<group>";
		};
		126EF41C27F2AC2400102FA9 = {
			isa = PBXGroup;
			children = (
				126EF42727F2AC2400102FA9 /* Mongsil */,
				126EF42627F2AC2400102FA9 /* Products */,
			);
			sourceTree = "<group>";
		};
		126EF42627F2AC2400102FA9 /* Products */ = {
			isa = PBXGroup;
			children = (
				126EF42527F2AC2400102FA9 /* Mongsil.app */,
			);
			name = Products;
			sourceTree = "<group>";
		};
		126EF42727F2AC2400102FA9 /* Mongsil */ = {
			isa = PBXGroup;
			children = (
				F03FF6D328099F0E00E83570 /* Mongsil.entitlements */,
				12A2245327F7E5D300617C10 /* Info.plist */,
				12A2244E27F7E0D500617C10 /* Application */,
				12A2245427F7E6FD00617C10 /* Module */,
				126EF42C27F2AC2400102FA9 /* Assets.xcassets */,
				126EF42E27F2AC2400102FA9 /* Preview Content */,
			);
			path = Mongsil;
			sourceTree = "<group>";
		};
		126EF42E27F2AC2400102FA9 /* Preview Content */ = {
			isa = PBXGroup;
			children = (
				126EF42F27F2AC2400102FA9 /* Preview Assets.xcassets */,
			);
			path = "Preview Content";
			sourceTree = "<group>";
		};
		1291296327F8129C0017E087 /* Extensions */ = {
			isa = PBXGroup;
			children = (
				1291296827F813340017E087 /* ComposableArchitecture */,
				123EE07E2804531000D34B93 /* Combine */,
				123EE07D2804530500D34B93 /* View */,
			);
			path = Extensions;
			sourceTree = "<group>";
		};
		1291296827F813340017E087 /* ComposableArchitecture */ = {
			isa = PBXGroup;
			children = (
				1291296427F812D80017E087 /* Effect+extensions.swift */,
				1291296627F812FE0017E087 /* Reducer+extensions.swift */,
			);
			path = ComposableArchitecture;
			sourceTree = "<group>";
		};
		1291296B27F814920017E087 /* Views */ = {
			isa = PBXGroup;
			children = (
				1291296C27F814CD0017E087 /* ForEachWithIndex.swift */,
				123EE078280452CE00D34B93 /* List */,
				123EE0812804534700D34B93 /* NavigationBar */,
				123EE0862804538300D34B93 /* Buttons */,
				125F84A8280D11D800279C42 /* AlertModal */,
				125F84BA280D152600279C42 /* Indicators */,
				12083C982816367C0020E20E /* Toast */,
			);
			path = Views;
			sourceTree = "<group>";
		};
		1291297027F816570017E087 /* SharedState */ = {
			isa = PBXGroup;
			children = (
				1291296E27F815460017E087 /* SharedState.swift */,
			);
			path = SharedState;
			sourceTree = "<group>";
		};
		12A2244E27F7E0D500617C10 /* Application */ = {
			isa = PBXGroup;
			children = (
				12A2244A27F7DFED00617C10 /* AppDelegate.swift */,
				12A2244C27F7E04A00617C10 /* SceneDelegate.swift */,
				12A2244F27F7E0F000617C10 /* AppView.swift */,
				12A2245127F7E0F900617C10 /* AppCore.swift */,
			);
			path = Application;
			sourceTree = "<group>";
		};
		12A2245427F7E6FD00617C10 /* Module */ = {
			isa = PBXGroup;
			children = (
				12A2245B27F7E7D000617C10 /* Component */,
				12A2245927F7E78500617C10 /* Feature */,
			);
			path = Module;
			sourceTree = "<group>";
		};
		12A2245927F7E78500617C10 /* Feature */ = {
			isa = PBXGroup;
			children = (
				773AE2A428072364006861FC /* MainTab */,
				12A2245A27F7E79900617C10 /* Home */,
				1214C0E6280E7A45002D2C4C /* Login */,
				773AE2A22807235D006861FC /* Record */,
				773AE2A328072360006861FC /* Storage */,
				123EE08B280453B500D34B93 /* Setting */,
			);
			path = Feature;
			sourceTree = "<group>";
		};
		12A2245A27F7E79900617C10 /* Home */ = {
			isa = PBXGroup;
			children = (
				12A2245527F7E76F00617C10 /* HomeView.swift */,
				12A2245727F7E77700617C10 /* HomeCore.swift */,
			);
			path = Home;
			sourceTree = "<group>";
		};
		12A2245B27F7E7D000617C10 /* Component */ = {
			isa = PBXGroup;
			children = (
				122236EE28024DD8009D5C66 /* Assets */,
				12457C0727F822D300F2DBF2 /* Services */,
				123EE0732804529800D34B93 /* Models */,
				1291297027F816570017E087 /* SharedState */,
				1291296327F8129C0017E087 /* Extensions */,
				1291296B27F814920017E087 /* Views */,
			);
			path = Component;
			sourceTree = "<group>";
		};
		773AE2A22807235D006861FC /* Record */ = {
			isa = PBXGroup;
			children = (
				773AE2A9280723F7006861FC /* RecordView.swift */,
				773AE2AB280723FF006861FC /* RecordCore.swift */,
			);
			path = Record;
			sourceTree = "<group>";
		};
		773AE2A328072360006861FC /* Storage */ = {
			isa = PBXGroup;
			children = (
				773AE2AD28072419006861FC /* StorageView.swift */,
				773AE2AF28072421006861FC /* StorageCore.swift */,
			);
			path = Storage;
			sourceTree = "<group>";
		};
		773AE2A428072364006861FC /* MainTab */ = {
			isa = PBXGroup;
			children = (
				773AE2A5280723DC006861FC /* MainTabView.swift */,
				773AE2A7280723E6006861FC /* MainTabCore.swift */,
			);
			path = MainTab;
			sourceTree = "<group>";
		};
/* End PBXGroup section */

/* Begin PBXNativeTarget section */
		126EF42427F2AC2400102FA9 /* Mongsil */ = {
			isa = PBXNativeTarget;
			buildConfigurationList = 126EF43327F2AC2400102FA9 /* Build configuration list for PBXNativeTarget "Mongsil" */;
			buildPhases = (
				12D775D828024A6200CD0CFD /* R.swift */,
				1218EA742801AA53009C5BF1 /* SwiftLint */,
				126EF42127F2AC2400102FA9 /* Sources */,
				126EF42227F2AC2400102FA9 /* Frameworks */,
				126EF42327F2AC2400102FA9 /* Resources */,
			);
			buildRules = (
			);
			dependencies = (
			);
			name = Mongsil;
			packageProductDependencies = (
				12F1DBD727F4119A0063A84D /* ComposableArchitecture */,
				12F1DBDA27F411A80063A84D /* Alamofire */,
				12F1DBDD27F411C00063A84D /* CombineExt */,
				12F1DBE027F411CC0063A84D /* PureSwiftUI */,
				12F1DBE327F411DE0063A84D /* Nuke */,
				12D775DA28024B8C00CD0CFD /* Rswift */,
				F0E7345C280A9C260052A7E2 /* KakaoSDKAuth */,
				F0E7345E280A9C260052A7E2 /* KakaoSDKCommon */,
				F0E73460280A9C260052A7E2 /* KakaoSDKUser */,
			);
			productName = Mongsil;
			productReference = 126EF42527F2AC2400102FA9 /* Mongsil.app */;
			productType = "com.apple.product-type.application";
		};
/* End PBXNativeTarget section */

/* Begin PBXProject section */
		126EF41D27F2AC2400102FA9 /* Project object */ = {
			isa = PBXProject;
			attributes = {
				BuildIndependentTargetsInParallel = 1;
				LastSwiftUpdateCheck = 1320;
				LastUpgradeCheck = 1320;
				TargetAttributes = {
					126EF42427F2AC2400102FA9 = {
						CreatedOnToolsVersion = 13.2.1;
					};
				};
			};
			buildConfigurationList = 126EF42027F2AC2400102FA9 /* Build configuration list for PBXProject "Mongsil" */;
			compatibilityVersion = "Xcode 13.0";
			developmentRegion = en;
			hasScannedForEncodings = 0;
			knownRegions = (
				en,
				Base,
			);
			mainGroup = 126EF41C27F2AC2400102FA9;
			packageReferences = (
				12F1DBD627F4119A0063A84D /* XCRemoteSwiftPackageReference "swift-composable-architecture" */,
				12F1DBD927F411A80063A84D /* XCRemoteSwiftPackageReference "Alamofire" */,
				12F1DBDC27F411C00063A84D /* XCRemoteSwiftPackageReference "CombineExt" */,
				12F1DBDF27F411CC0063A84D /* XCRemoteSwiftPackageReference "pure-swift-ui" */,
				12F1DBE227F411DE0063A84D /* XCRemoteSwiftPackageReference "Nuke" */,
				12D775D928024B8C00CD0CFD /* XCRemoteSwiftPackageReference "R.swift" */,
				F0E7345B280A9C260052A7E2 /* XCRemoteSwiftPackageReference "kakao-ios-sdk" */,
			);
			productRefGroup = 126EF42627F2AC2400102FA9 /* Products */;
			projectDirPath = "";
			projectRoot = "";
			targets = (
				126EF42427F2AC2400102FA9 /* Mongsil */,
			);
		};
/* End PBXProject section */

/* Begin PBXResourcesBuildPhase section */
		126EF42327F2AC2400102FA9 /* Resources */ = {
			isa = PBXResourcesBuildPhase;
			buildActionMask = 2147483647;
			files = (
				1219757A28163A4200089BED /* Pretendard-SemiBold.ttf in Resources */,
				1219757928163A4200089BED /* Pretendard-Medium.ttf in Resources */,
				126EF43027F2AC2400102FA9 /* Preview Assets.xcassets in Resources */,
				1219757828163A4200089BED /* Pretendard-Regular.ttf in Resources */,
				126EF42D27F2AC2400102FA9 /* Assets.xcassets in Resources */,
				1229909428026001009BF616 /* Assets.xcassets in Resources */,
			);
			runOnlyForDeploymentPostprocessing = 0;
		};
/* End PBXResourcesBuildPhase section */

/* Begin PBXShellScriptBuildPhase section */
		1218EA742801AA53009C5BF1 /* SwiftLint */ = {
			isa = PBXShellScriptBuildPhase;
			buildActionMask = 2147483647;
			files = (
			);
			inputFileListPaths = (
			);
			inputPaths = (
			);
			name = SwiftLint;
			outputFileListPaths = (
			);
			outputPaths = (
			);
			runOnlyForDeploymentPostprocessing = 0;
			shellPath = /bin/sh;
			shellScript = "export PATH=\"$PATH:/opt/homebrew/bin\"\nif which swiftlint >/dev/null; then\n  swiftlint autocorrect\nelse\n  echo \"warning: SwiftLint not installed, download from https://github.com/realm/SwiftLint\"\nfi\n";
		};
		12D775D828024A6200CD0CFD /* R.swift */ = {
			isa = PBXShellScriptBuildPhase;
			alwaysOutOfDate = 1;
			buildActionMask = 2147483647;
			files = (
			);
			inputFileListPaths = (
			);
			inputPaths = (
				"$TEMP_DIR/rswift-lastrun",
			);
			name = R.swift;
			outputFileListPaths = (
			);
			outputPaths = (
				$SRCROOT/generated/R.generated.swift,
			);
			runOnlyForDeploymentPostprocessing = 0;
			shellPath = /bin/sh;
			shellScript = "export PATH=\"$PATH:/opt/homebrew/bin\"\nif which rswift >/dev/null; then\n  rswift generate \"$SRCROOT/generated/R.generated.swift\"\nelse\n  echo \"warning: rswift not installed\"\nfi\n";
		};
/* End PBXShellScriptBuildPhase section */

/* Begin PBXSourcesBuildPhase section */
		126EF42127F2AC2400102FA9 /* Sources */ = {
			isa = PBXSourcesBuildPhase;
			buildActionMask = 2147483647;
			files = (
				773AE2B028072421006861FC /* StorageCore.swift in Sources */,
				123EE0852804537B00D34B93 /* RightButton.swift in Sources */,
				1291296727F812FE0017E087 /* Reducer+extensions.swift in Sources */,
				12A2245227F7E0F900617C10 /* AppCore.swift in Sources */,
				127EBD78280A65960011C556 /* UINavigationController+extensions.swift in Sources */,
				12A2245827F7E77700617C10 /* HomeCore.swift in Sources */,
				1291296D27F814CD0017E087 /* ForEachWithIndex.swift in Sources */,
				123EE075280452BE00D34B93 /* ListItemWithTextIcon.swift in Sources */,
				773AE2AE28072419006861FC /* StorageView.swift in Sources */,
				12952A65280251D600C89DD7 /* Fonts+Generated.swift in Sources */,
				120BBCB028025DA500AD44B5 /* Colors+Generated.swift in Sources */,
				123EE093280453EA00D34B93 /* AppInfoCore.swift in Sources */,
				123EE0A528045F8300D34B93 /* OpenSourceCore.swift in Sources */,
				12273EF027F91076007624C1 /* AppTrackingService.swift in Sources */,
				120BBCAE28025CE800AD44B5 /* UIColor+extensions.swift in Sources */,
				125F84B9280D151800279C42 /* LoadingIndicator.swift in Sources */,
				125F84AE280D123D00279C42 /* AlertDoubleButtonView.swift in Sources */,
				123EE09E28045F4400D34B93 /* PersonalInfoPolicyView.swift in Sources */,
				12A2244B27F7DFED00617C10 /* AppDelegate.swift in Sources */,
				122236F028024DF1009D5C66 /* R.generated.swift in Sources */,
				1214C0E8280E8A7E002D2C4C /* OnboardingImage.swift in Sources */,
				12952A63280250D700C89DD7 /* UIFont+extensions.swift in Sources */,
				123EE0832804536800D34B93 /* BackButton.swift in Sources */,
				1291296F27F815460017E087 /* SharedState.swift in Sources */,
				123EE0802804533C00D34B93 /* MSNavigationBar.swift in Sources */,
				123EE091280453E300D34B93 /* AppInfoView.swift in Sources */,
				12A2245027F7E0F000617C10 /* AppView.swift in Sources */,
				123EE0A328045F7A00D34B93 /* OpenSourceView.swift in Sources */,
				125F84B7280D14AB00279C42 /* AlertButton.swift in Sources */,
				12A2245627F7E76F00617C10 /* HomeView.swift in Sources */,
				773AE2AC280723FF006861FC /* RecordCore.swift in Sources */,
				1291296A27F813660017E087 /* Combine+extensions.swift in Sources */,
				123EE09928045F0C00D34B93 /* TermsView.swift in Sources */,
				123DD56928028A130020440E /* UIImage+extensions.swift in Sources */,
				125F84B0280D124700279C42 /* AlertSingleButtonView.swift in Sources */,
				123EE08A280453B300D34B93 /* SettingCore.swift in Sources */,
				123EE09728045B3600D34B93 /* ListButtonItemWithText.swift in Sources */,
				12083C97281636700020E20E /* Toast.swift in Sources */,
				773AE2AA280723F7006861FC /* RecordView.swift in Sources */,
				1291296527F812D80017E087 /* Effect+extensions.swift in Sources */,
				773AE2A8280723E6006861FC /* MainTabCore.swift in Sources */,
				125F84B2280D124F00279C42 /* AlertDoubleButtonCore.swift in Sources */,
				123EE088280453AB00D34B93 /* SettingView.swift in Sources */,
				125F84AC280D122500279C42 /* AlertSingleButtonCore.swift in Sources */,
				12952A61280250A300C89DD7 /* Font+extensions.swift in Sources */,
				1214C0E3280E7A37002D2C4C /* LoginView.swift in Sources */,
				1214C0E5280E7A42002D2C4C /* LoginCore.swift in Sources */,
				123EE08D280453D200D34B93 /* ProfileView.swift in Sources */,
				123DD564280283410020440E /* Theme.swift in Sources */,
				F03FF6CB28099B7900E83570 /* KakaoLoginService.swift in Sources */,
				123DD5662802889D0020440E /* Image+Generated.swift in Sources */,
				123EE0A028045F5700D34B93 /* PersonalInfoPolicyCore.swift in Sources */,
				123EE08F280453D900D34B93 /* ProfileCore.swift in Sources */,
				123EE077280452C900D34B93 /* ListItemWithText.swift in Sources */,
				123EE07A280452E600D34B93 /* Separator.swift in Sources */,
				120BBCB228025E3200AD44B5 /* Color+extensions.swift in Sources */,
				773AE2A6280723DC006861FC /* MainTabView.swift in Sources */,
				123EE07C2804530000D34B93 /* View+extensions.swift in Sources */,
				123EE09B28045F1500D34B93 /* TermsCore.swift in Sources */,
				12A2244D27F7E04A00617C10 /* SceneDelegate.swift in Sources */,
			);
			runOnlyForDeploymentPostprocessing = 0;
		};
/* End PBXSourcesBuildPhase section */

/* Begin XCBuildConfiguration section */
		126EF43127F2AC2400102FA9 /* Debug */ = {
			isa = XCBuildConfiguration;
			buildSettings = {
				ALWAYS_SEARCH_USER_PATHS = NO;
				CLANG_ANALYZER_NONNULL = YES;
				CLANG_ANALYZER_NUMBER_OBJECT_CONVERSION = YES_AGGRESSIVE;
				CLANG_CXX_LANGUAGE_STANDARD = "gnu++17";
				CLANG_CXX_LIBRARY = "libc++";
				CLANG_ENABLE_MODULES = YES;
				CLANG_ENABLE_OBJC_ARC = YES;
				CLANG_ENABLE_OBJC_WEAK = YES;
				CLANG_WARN_BLOCK_CAPTURE_AUTORELEASING = YES;
				CLANG_WARN_BOOL_CONVERSION = YES;
				CLANG_WARN_COMMA = YES;
				CLANG_WARN_CONSTANT_CONVERSION = YES;
				CLANG_WARN_DEPRECATED_OBJC_IMPLEMENTATIONS = YES;
				CLANG_WARN_DIRECT_OBJC_ISA_USAGE = YES_ERROR;
				CLANG_WARN_DOCUMENTATION_COMMENTS = YES;
				CLANG_WARN_EMPTY_BODY = YES;
				CLANG_WARN_ENUM_CONVERSION = YES;
				CLANG_WARN_INFINITE_RECURSION = YES;
				CLANG_WARN_INT_CONVERSION = YES;
				CLANG_WARN_NON_LITERAL_NULL_CONVERSION = YES;
				CLANG_WARN_OBJC_IMPLICIT_RETAIN_SELF = YES;
				CLANG_WARN_OBJC_LITERAL_CONVERSION = YES;
				CLANG_WARN_OBJC_ROOT_CLASS = YES_ERROR;
				CLANG_WARN_QUOTED_INCLUDE_IN_FRAMEWORK_HEADER = YES;
				CLANG_WARN_RANGE_LOOP_ANALYSIS = YES;
				CLANG_WARN_STRICT_PROTOTYPES = YES;
				CLANG_WARN_SUSPICIOUS_MOVE = YES;
				CLANG_WARN_UNGUARDED_AVAILABILITY = YES_AGGRESSIVE;
				CLANG_WARN_UNREACHABLE_CODE = YES;
				CLANG_WARN__DUPLICATE_METHOD_MATCH = YES;
				COPY_PHASE_STRIP = NO;
				DEBUG_INFORMATION_FORMAT = dwarf;
				ENABLE_STRICT_OBJC_MSGSEND = YES;
				ENABLE_TESTABILITY = YES;
				GCC_C_LANGUAGE_STANDARD = gnu11;
				GCC_DYNAMIC_NO_PIC = NO;
				GCC_NO_COMMON_BLOCKS = YES;
				GCC_OPTIMIZATION_LEVEL = 0;
				GCC_PREPROCESSOR_DEFINITIONS = (
					"DEBUG=1",
					"$(inherited)",
				);
				GCC_WARN_64_TO_32_BIT_CONVERSION = YES;
				GCC_WARN_ABOUT_RETURN_TYPE = YES_ERROR;
				GCC_WARN_UNDECLARED_SELECTOR = YES;
				GCC_WARN_UNINITIALIZED_AUTOS = YES_AGGRESSIVE;
				GCC_WARN_UNUSED_FUNCTION = YES;
				GCC_WARN_UNUSED_VARIABLE = YES;
				IPHONEOS_DEPLOYMENT_TARGET = 15.0;
				MTL_ENABLE_DEBUG_INFO = INCLUDE_SOURCE;
				MTL_FAST_MATH = YES;
				ONLY_ACTIVE_ARCH = YES;
				SDKROOT = iphoneos;
				SWIFT_ACTIVE_COMPILATION_CONDITIONS = DEBUG;
				SWIFT_OPTIMIZATION_LEVEL = "-Onone";
			};
			name = Debug;
		};
		126EF43227F2AC2400102FA9 /* Release */ = {
			isa = XCBuildConfiguration;
			buildSettings = {
				ALWAYS_SEARCH_USER_PATHS = NO;
				CLANG_ANALYZER_NONNULL = YES;
				CLANG_ANALYZER_NUMBER_OBJECT_CONVERSION = YES_AGGRESSIVE;
				CLANG_CXX_LANGUAGE_STANDARD = "gnu++17";
				CLANG_CXX_LIBRARY = "libc++";
				CLANG_ENABLE_MODULES = YES;
				CLANG_ENABLE_OBJC_ARC = YES;
				CLANG_ENABLE_OBJC_WEAK = YES;
				CLANG_WARN_BLOCK_CAPTURE_AUTORELEASING = YES;
				CLANG_WARN_BOOL_CONVERSION = YES;
				CLANG_WARN_COMMA = YES;
				CLANG_WARN_CONSTANT_CONVERSION = YES;
				CLANG_WARN_DEPRECATED_OBJC_IMPLEMENTATIONS = YES;
				CLANG_WARN_DIRECT_OBJC_ISA_USAGE = YES_ERROR;
				CLANG_WARN_DOCUMENTATION_COMMENTS = YES;
				CLANG_WARN_EMPTY_BODY = YES;
				CLANG_WARN_ENUM_CONVERSION = YES;
				CLANG_WARN_INFINITE_RECURSION = YES;
				CLANG_WARN_INT_CONVERSION = YES;
				CLANG_WARN_NON_LITERAL_NULL_CONVERSION = YES;
				CLANG_WARN_OBJC_IMPLICIT_RETAIN_SELF = YES;
				CLANG_WARN_OBJC_LITERAL_CONVERSION = YES;
				CLANG_WARN_OBJC_ROOT_CLASS = YES_ERROR;
				CLANG_WARN_QUOTED_INCLUDE_IN_FRAMEWORK_HEADER = YES;
				CLANG_WARN_RANGE_LOOP_ANALYSIS = YES;
				CLANG_WARN_STRICT_PROTOTYPES = YES;
				CLANG_WARN_SUSPICIOUS_MOVE = YES;
				CLANG_WARN_UNGUARDED_AVAILABILITY = YES_AGGRESSIVE;
				CLANG_WARN_UNREACHABLE_CODE = YES;
				CLANG_WARN__DUPLICATE_METHOD_MATCH = YES;
				COPY_PHASE_STRIP = NO;
				DEBUG_INFORMATION_FORMAT = "dwarf-with-dsym";
				ENABLE_NS_ASSERTIONS = NO;
				ENABLE_STRICT_OBJC_MSGSEND = YES;
				GCC_C_LANGUAGE_STANDARD = gnu11;
				GCC_NO_COMMON_BLOCKS = YES;
				GCC_WARN_64_TO_32_BIT_CONVERSION = YES;
				GCC_WARN_ABOUT_RETURN_TYPE = YES_ERROR;
				GCC_WARN_UNDECLARED_SELECTOR = YES;
				GCC_WARN_UNINITIALIZED_AUTOS = YES_AGGRESSIVE;
				GCC_WARN_UNUSED_FUNCTION = YES;
				GCC_WARN_UNUSED_VARIABLE = YES;
				IPHONEOS_DEPLOYMENT_TARGET = 15.0;
				MTL_ENABLE_DEBUG_INFO = NO;
				MTL_FAST_MATH = YES;
				SDKROOT = iphoneos;
				SWIFT_COMPILATION_MODE = wholemodule;
				SWIFT_OPTIMIZATION_LEVEL = "-O";
				VALIDATE_PRODUCT = YES;
			};
			name = Release;
		};
		126EF43427F2AC2400102FA9 /* Debug */ = {
			isa = XCBuildConfiguration;
			buildSettings = {
				ASSETCATALOG_COMPILER_APPICON_NAME = AppIcon;
				ASSETCATALOG_COMPILER_GLOBAL_ACCENT_COLOR_NAME = AccentColor;
				CODE_SIGN_ENTITLEMENTS = Mongsil/Mongsil.entitlements;
				CODE_SIGN_IDENTITY = "Apple Development";
				CODE_SIGN_STYLE = Automatic;
				CURRENT_PROJECT_VERSION = 1;
				DEVELOPMENT_ASSET_PATHS = "\"Mongsil/Preview Content\"";
				DEVELOPMENT_TEAM = "";
				ENABLE_PREVIEWS = YES;
				GENERATE_INFOPLIST_FILE = YES;
				INFOPLIST_FILE = Mongsil/Info.plist;
				INFOPLIST_KEY_CFBundleDisplayName = "몽실";
				INFOPLIST_KEY_NSUserTrackingUsageDescription = "\"귀하의 데이터는 개인화 광고를 제공하기 위해 사용됩니다.\"";
				INFOPLIST_KEY_UIApplicationSupportsIndirectInputEvents = YES;
				INFOPLIST_KEY_UILaunchScreen_Generation = YES;
				INFOPLIST_KEY_UISupportedInterfaceOrientations = UIInterfaceOrientationPortrait;
				INFOPLIST_KEY_UISupportedInterfaceOrientations_iPad = "UIInterfaceOrientationPortrait UIInterfaceOrientationPortraitUpsideDown UIInterfaceOrientationLandscapeLeft UIInterfaceOrientationLandscapeRight";
				INFOPLIST_KEY_UISupportedInterfaceOrientations_iPhone = "UIInterfaceOrientationPortrait UIInterfaceOrientationLandscapeLeft UIInterfaceOrientationLandscapeRight";
				IPHONEOS_DEPLOYMENT_TARGET = 15.0;
				LD_RUNPATH_SEARCH_PATHS = (
					"$(inherited)",
					"@executable_path/Frameworks",
				);
				MARKETING_VERSION = 1.0;
				PRODUCT_BUNDLE_IDENTIFIER = com.depromeet.mongsil;
				PRODUCT_NAME = "$(TARGET_NAME)";
				SWIFT_EMIT_LOC_STRINGS = YES;
				SWIFT_VERSION = 5.0;
				TARGETED_DEVICE_FAMILY = 1;
			};
			name = Debug;
		};
		126EF43527F2AC2400102FA9 /* Release */ = {
			isa = XCBuildConfiguration;
			buildSettings = {
				ASSETCATALOG_COMPILER_APPICON_NAME = AppIcon;
				ASSETCATALOG_COMPILER_GLOBAL_ACCENT_COLOR_NAME = AccentColor;
				CODE_SIGN_ENTITLEMENTS = Mongsil/Mongsil.entitlements;
				CODE_SIGN_IDENTITY = "Apple Development";
				CODE_SIGN_STYLE = Automatic;
				CURRENT_PROJECT_VERSION = 1;
				DEVELOPMENT_ASSET_PATHS = "\"Mongsil/Preview Content\"";
				DEVELOPMENT_TEAM = "";
				ENABLE_PREVIEWS = YES;
				GENERATE_INFOPLIST_FILE = YES;
				INFOPLIST_FILE = Mongsil/Info.plist;
				INFOPLIST_KEY_CFBundleDisplayName = "몽실";
				INFOPLIST_KEY_NSUserTrackingUsageDescription = "\"귀하의 데이터는 개인화 광고를 제공하기 위해 사용됩니다.\"";
				INFOPLIST_KEY_UIApplicationSupportsIndirectInputEvents = YES;
				INFOPLIST_KEY_UILaunchScreen_Generation = YES;
				INFOPLIST_KEY_UISupportedInterfaceOrientations = UIInterfaceOrientationPortrait;
				INFOPLIST_KEY_UISupportedInterfaceOrientations_iPad = "UIInterfaceOrientationPortrait UIInterfaceOrientationPortraitUpsideDown UIInterfaceOrientationLandscapeLeft UIInterfaceOrientationLandscapeRight";
				INFOPLIST_KEY_UISupportedInterfaceOrientations_iPhone = "UIInterfaceOrientationPortrait UIInterfaceOrientationLandscapeLeft UIInterfaceOrientationLandscapeRight";
				IPHONEOS_DEPLOYMENT_TARGET = 15.0;
				LD_RUNPATH_SEARCH_PATHS = (
					"$(inherited)",
					"@executable_path/Frameworks",
				);
				MARKETING_VERSION = 1.0;
				PRODUCT_BUNDLE_IDENTIFIER = com.depromeet.mongsil;
				PRODUCT_NAME = "$(TARGET_NAME)";
				SWIFT_EMIT_LOC_STRINGS = YES;
				SWIFT_VERSION = 5.0;
				TARGETED_DEVICE_FAMILY = 1;
			};
			name = Release;
		};
/* End XCBuildConfiguration section */

/* Begin XCConfigurationList section */
		126EF42027F2AC2400102FA9 /* Build configuration list for PBXProject "Mongsil" */ = {
			isa = XCConfigurationList;
			buildConfigurations = (
				126EF43127F2AC2400102FA9 /* Debug */,
				126EF43227F2AC2400102FA9 /* Release */,
			);
			defaultConfigurationIsVisible = 0;
			defaultConfigurationName = Release;
		};
		126EF43327F2AC2400102FA9 /* Build configuration list for PBXNativeTarget "Mongsil" */ = {
			isa = XCConfigurationList;
			buildConfigurations = (
				126EF43427F2AC2400102FA9 /* Debug */,
				126EF43527F2AC2400102FA9 /* Release */,
			);
			defaultConfigurationIsVisible = 0;
			defaultConfigurationName = Release;
		};
/* End XCConfigurationList section */

/* Begin XCRemoteSwiftPackageReference section */
		12D775D928024B8C00CD0CFD /* XCRemoteSwiftPackageReference "R.swift" */ = {
			isa = XCRemoteSwiftPackageReference;
			repositoryURL = "https://github.com/mac-cain13/R.swift.Library";
			requirement = {
				branch = master;
				kind = branch;
			};
		};
		12F1DBD627F4119A0063A84D /* XCRemoteSwiftPackageReference "swift-composable-architecture" */ = {
			isa = XCRemoteSwiftPackageReference;
			repositoryURL = "https://github.com/pointfreeco/swift-composable-architecture";
			requirement = {
				kind = upToNextMajorVersion;
				minimumVersion = 0.9.0;
			};
		};
		12F1DBD927F411A80063A84D /* XCRemoteSwiftPackageReference "Alamofire" */ = {
			isa = XCRemoteSwiftPackageReference;
			repositoryURL = "https://github.com/Alamofire/Alamofire";
			requirement = {
				branch = master;
				kind = branch;
			};
		};
		12F1DBDC27F411C00063A84D /* XCRemoteSwiftPackageReference "CombineExt" */ = {
			isa = XCRemoteSwiftPackageReference;
			repositoryURL = "https://github.com/CombineCommunity/CombineExt";
			requirement = {
				kind = upToNextMajorVersion;
				minimumVersion = 1.0.0;
			};
		};
		12F1DBDF27F411CC0063A84D /* XCRemoteSwiftPackageReference "pure-swift-ui" */ = {
			isa = XCRemoteSwiftPackageReference;
			repositoryURL = "https://github.com/CodeSlicing/pure-swift-ui";
			requirement = {
				branch = develop;
				kind = branch;
			};
		};
		12F1DBE227F411DE0063A84D /* XCRemoteSwiftPackageReference "Nuke" */ = {
			isa = XCRemoteSwiftPackageReference;
			repositoryURL = "https://github.com/kean/Nuke";
			requirement = {
				kind = upToNextMajorVersion;
				minimumVersion = 9.0.0;
			};
		};
		F0E7345B280A9C260052A7E2 /* XCRemoteSwiftPackageReference "kakao-ios-sdk" */ = {
			isa = XCRemoteSwiftPackageReference;
			repositoryURL = "https://github.com/kakao/kakao-ios-sdk";
			requirement = {
				branch = master;
				kind = branch;
			};
		};
/* End XCRemoteSwiftPackageReference section */

/* Begin XCSwiftPackageProductDependency section */
		12D775DA28024B8C00CD0CFD /* Rswift */ = {
			isa = XCSwiftPackageProductDependency;
			package = 12D775D928024B8C00CD0CFD /* XCRemoteSwiftPackageReference "R.swift" */;
			productName = Rswift;
		};
		12F1DBD727F4119A0063A84D /* ComposableArchitecture */ = {
			isa = XCSwiftPackageProductDependency;
			package = 12F1DBD627F4119A0063A84D /* XCRemoteSwiftPackageReference "swift-composable-architecture" */;
			productName = ComposableArchitecture;
		};
		12F1DBDA27F411A80063A84D /* Alamofire */ = {
			isa = XCSwiftPackageProductDependency;
			package = 12F1DBD927F411A80063A84D /* XCRemoteSwiftPackageReference "Alamofire" */;
			productName = Alamofire;
		};
		12F1DBDD27F411C00063A84D /* CombineExt */ = {
			isa = XCSwiftPackageProductDependency;
			package = 12F1DBDC27F411C00063A84D /* XCRemoteSwiftPackageReference "CombineExt" */;
			productName = CombineExt;
		};
		12F1DBE027F411CC0063A84D /* PureSwiftUI */ = {
			isa = XCSwiftPackageProductDependency;
			package = 12F1DBDF27F411CC0063A84D /* XCRemoteSwiftPackageReference "pure-swift-ui" */;
			productName = PureSwiftUI;
		};
		12F1DBE327F411DE0063A84D /* Nuke */ = {
			isa = XCSwiftPackageProductDependency;
			package = 12F1DBE227F411DE0063A84D /* XCRemoteSwiftPackageReference "Nuke" */;
			productName = Nuke;
		};
		F0E7345C280A9C260052A7E2 /* KakaoSDKAuth */ = {
			isa = XCSwiftPackageProductDependency;
			package = F0E7345B280A9C260052A7E2 /* XCRemoteSwiftPackageReference "kakao-ios-sdk" */;
			productName = KakaoSDKAuth;
		};
		F0E7345E280A9C260052A7E2 /* KakaoSDKCommon */ = {
			isa = XCSwiftPackageProductDependency;
			package = F0E7345B280A9C260052A7E2 /* XCRemoteSwiftPackageReference "kakao-ios-sdk" */;
			productName = KakaoSDKCommon;
		};
		F0E73460280A9C260052A7E2 /* KakaoSDKUser */ = {
			isa = XCSwiftPackageProductDependency;
			package = F0E7345B280A9C260052A7E2 /* XCRemoteSwiftPackageReference "kakao-ios-sdk" */;
			productName = KakaoSDKUser;
		};
/* End XCSwiftPackageProductDependency section */
	};
	rootObject = 126EF41D27F2AC2400102FA9 /* Project object */;
}
